
Microsoft Visual Studio Solution File, Format Version 12.00
# Visual Studio 2012
Project("{8BC9CEB8-8B4A-11D0-8D11-00A0C91BC942}") = "SystemProxy", "SystemProxy\SystemProxy.vcxproj", "{DB73EEA2-83E1-4389-AB96-E3B00686112C}"
EndProject
Project("{FAE04EC0-301F-11D3-BF4B-00C04F79EFBC}") = "AutoProxySwitcher", "AutoProxySwitcherApp\AutoProxySwitcher.csproj", "{13B018F7-EF84-4A2E-B694-97C3A5DB4371}"
EndProject
Project("{930C7802-8A8C-48F9-8165-68863BCCD9DD}") = "AutoProxySwitcherSetup", "AutoProxySwitcherSetup\AutoProxySwitcherSetup.wixproj", "{9E73F715-417F-4777-9418-4CF182EE19FB}"
EndProject
Project("{FAE04EC0-301F-11D3-BF4B-00C04F79EFBC}") = "AutoProxySwitcherLib", "AutoProxySwitcherLib\AutoProxySwitcherLib.csproj", "{576CD081-DDB5-435C-9758-BF7442C9F42E}"
EndProject
Project("{FAE04EC0-301F-11D3-BF4B-00C04F79EFBC}") = "AutoProxySwitcherWPF", "AutoProxySwitcherWPF\AutoProxySwitcherWPF.csproj", "{A68127C8-0753-478E-B552-F6C76D864DBE}"
EndProject
Project("{FAE04EC0-301F-11D3-BF4B-00C04F79EFBC}") = "AutoProxySwitcherTests", "AutoProxySwitcherTests\AutoProxySwitcherTests.csproj", "{41517D86-F0F9-4858-B1B8-D8B64C29BDB4}"
EndProject
Project("{FAE04EC0-301F-11D3-BF4B-00C04F79EFBC}") = "ConsoleApplication1", "ConsoleApplication1\ConsoleApplication1.csproj", "{4A48290A-09F0-4976-BFA9-A7D0EA36034C}"
EndProject
Global
	GlobalSection(MercurialSourceControlSolutionProperties) = preSolution
		SolutionIsControlled = True
		SolutionBindings = <Solution Location In Database>
	EndGlobalSection
	GlobalSection(SolutionConfigurationPlatforms) = preSolution
		Debug|Any CPU = Debug|Any CPU
		Debug|Mixed Platforms = Debug|Mixed Platforms
		Debug|Win32 = Debug|Win32
		Debug|x86 = Debug|x86
		Release|Any CPU = Release|Any CPU
		Release|Mixed Platforms = Release|Mixed Platforms
		Release|Win32 = Release|Win32
		Release|x86 = Release|x86
	EndGlobalSection
	GlobalSection(ProjectConfigurationPlatforms) = postSolution
		{DB73EEA2-83E1-4389-AB96-E3B00686112C}.Debug|Any CPU.ActiveCfg = Debug|Win32
		{DB73EEA2-83E1-4389-AB96-E3B00686112C}.Debug|Mixed Platforms.ActiveCfg = Debug|Win32
		{DB73EEA2-83E1-4389-AB96-E3B00686112C}.Debug|Mixed Platforms.Build.0 = Debug|Win32
		{DB73EEA2-83E1-4389-AB96-E3B00686112C}.Debug|Win32.ActiveCfg = Debug|Win32
		{DB73EEA2-83E1-4389-AB96-E3B00686112C}.Debug|Win32.Build.0 = Debug|Win32
		{DB73EEA2-83E1-4389-AB96-E3B00686112C}.Debug|x86.ActiveCfg = Debug|Win32
		{DB73EEA2-83E1-4389-AB96-E3B00686112C}.Release|Any CPU.ActiveCfg = Release|Win32
		{DB73EEA2-83E1-4389-AB96-E3B00686112C}.Release|Mixed Platforms.ActiveCfg = Release|Win32
		{DB73EEA2-83E1-4389-AB96-E3B00686112C}.Release|Mixed Platforms.Build.0 = Release|Win32
		{DB73EEA2-83E1-4389-AB96-E3B00686112C}.Release|Win32.ActiveCfg = Release|Win32
		{DB73EEA2-83E1-4389-AB96-E3B00686112C}.Release|Win32.Build.0 = Release|Win32
		{DB73EEA2-83E1-4389-AB96-E3B00686112C}.Release|x86.ActiveCfg = Release|Win32
		{13B018F7-EF84-4A2E-B694-97C3A5DB4371}.Debug|Any CPU.ActiveCfg = Debug|Any CPU
		{13B018F7-EF84-4A2E-B694-97C3A5DB4371}.Debug|Any CPU.Build.0 = Debug|Any CPU
		{13B018F7-EF84-4A2E-B694-97C3A5DB4371}.Debug|Mixed Platforms.ActiveCfg = Debug|Any CPU
		{13B018F7-EF84-4A2E-B694-97C3A5DB4371}.Debug|Mixed Platforms.Build.0 = Debug|Any CPU
		{13B018F7-EF84-4A2E-B694-97C3A5DB4371}.Debug|Win32.ActiveCfg = Debug|Any CPU
		{13B018F7-EF84-4A2E-B694-97C3A5DB4371}.Debug|x86.ActiveCfg = Debug|Any CPU
		{13B018F7-EF84-4A2E-B694-97C3A5DB4371}.Release|Any CPU.ActiveCfg = Release|Any CPU
		{13B018F7-EF84-4A2E-B694-97C3A5DB4371}.Release|Any CPU.Build.0 = Release|Any CPU
		{13B018F7-EF84-4A2E-B694-97C3A5DB4371}.Release|Mixed Platforms.ActiveCfg = Release|Any CPU
		{13B018F7-EF84-4A2E-B694-97C3A5DB4371}.Release|Mixed Platforms.Build.0 = Release|Any CPU
		{13B018F7-EF84-4A2E-B694-97C3A5DB4371}.Release|Win32.ActiveCfg = Release|Any CPU
		{13B018F7-EF84-4A2E-B694-97C3A5DB4371}.Release|x86.ActiveCfg = Release|Any CPU
		{9E73F715-417F-4777-9418-4CF182EE19FB}.Debug|Any CPU.ActiveCfg = Debug|x86
		{9E73F715-417F-4777-9418-4CF182EE19FB}.Debug|Mixed Platforms.ActiveCfg = Debug|x86
		{9E73F715-417F-4777-9418-4CF182EE19FB}.Debug|Mixed Platforms.Build.0 = Debug|x86
		{9E73F715-417F-4777-9418-4CF182EE19FB}.Debug|Win32.ActiveCfg = Debug|x86
		{9E73F715-417F-4777-9418-4CF182EE19FB}.Debug|x86.ActiveCfg = Debug|x86
		{9E73F715-417F-4777-9418-4CF182EE19FB}.Debug|x86.Build.0 = Debug|x86
		{9E73F715-417F-4777-9418-4CF182EE19FB}.Release|Any CPU.ActiveCfg = Release|x86
		{9E73F715-417F-4777-9418-4CF182EE19FB}.Release|Mixed Platforms.ActiveCfg = Release|x86
		{9E73F715-417F-4777-9418-4CF182EE19FB}.Release|Mixed Platforms.Build.0 = Release|x86
		{9E73F715-417F-4777-9418-4CF182EE19FB}.Release|Win32.ActiveCfg = Release|x86
		{9E73F715-417F-4777-9418-4CF182EE19FB}.Release|x86.ActiveCfg = Release|x86
		{9E73F715-417F-4777-9418-4CF182EE19FB}.Release|x86.Build.0 = Release|x86
		{576CD081-DDB5-435C-9758-BF7442C9F42E}.Debug|Any CPU.ActiveCfg = Debug|Any CPU
		{576CD081-DDB5-435C-9758-BF7442C9F42E}.Debug|Any CPU.Build.0 = Debug|Any CPU
		{576CD081-DDB5-435C-9758-BF7442C9F42E}.Debug|Mixed Platforms.ActiveCfg = Debug|Any CPU
		{576CD081-DDB5-435C-9758-BF7442C9F42E}.Debug|Mixed Platforms.Build.0 = Debug|Any CPU
		{576CD081-DDB5-435C-9758-BF7442C9F42E}.Debug|Win32.ActiveCfg = Debug|Any CPU
		{576CD081-DDB5-435C-9758-BF7442C9F42E}.Debug|x86.ActiveCfg = Debug|Any CPU
		{576CD081-DDB5-435C-9758-BF7442C9F42E}.Release|Any CPU.ActiveCfg = Release|Any CPU
		{576CD081-DDB5-435C-9758-BF7442C9F42E}.Release|Any CPU.Build.0 = Release|Any CPU
		{576CD081-DDB5-435C-9758-BF7442C9F42E}.Release|Mixed Platforms.ActiveCfg = Release|Any CPU
		{576CD081-DDB5-435C-9758-BF7442C9F42E}.Release|Mixed Platforms.Build.0 = Release|Any CPU
		{576CD081-DDB5-435C-9758-BF7442C9F42E}.Release|Win32.ActiveCfg = Release|Any CPU
		{576CD081-DDB5-435C-9758-BF7442C9F42E}.Release|x86.ActiveCfg = Release|Any CPU
		{A68127C8-0753-478E-B552-F6C76D864DBE}.Debug|Any CPU.ActiveCfg = Debug|Any CPU
		{A68127C8-0753-478E-B552-F6C76D864DBE}.Debug|Any CPU.Build.0 = Debug|Any CPU
		{A68127C8-0753-478E-B552-F6C76D864DBE}.Debug|Mixed Platforms.ActiveCfg = Debug|Any CPU
		{A68127C8-0753-478E-B552-F6C76D864DBE}.Debug|Mixed Platforms.Build.0 = Debug|Any CPU
		{A68127C8-0753-478E-B552-F6C76D864DBE}.Debug|Win32.ActiveCfg = Debug|Any CPU
		{A68127C8-0753-478E-B552-F6C76D864DBE}.Debug|x86.ActiveCfg = Debug|Any CPU
		{A68127C8-0753-478E-B552-F6C76D864DBE}.Release|Any CPU.ActiveCfg = Release|Any CPU
		{A68127C8-0753-478E-B552-F6C76D864DBE}.Release|Any CPU.Build.0 = Release|Any CPU
		{A68127C8-0753-478E-B552-F6C76D864DBE}.Release|Mixed Platforms.ActiveCfg = Release|Any CPU
		{A68127C8-0753-478E-B552-F6C76D864DBE}.Release|Mixed Platforms.Build.0 = Release|Any CPU
		{A68127C8-0753-478E-B552-F6C76D864DBE}.Release|Win32.ActiveCfg = Release|Any CPU
		{A68127C8-0753-478E-B552-F6C76D864DBE}.Release|x86.ActiveCfg = Release|Any CPU
		{41517D86-F0F9-4858-B1B8-D8B64C29BDB4}.Debug|Any CPU.ActiveCfg = Debug|Any CPU
		{41517D86-F0F9-4858-B1B8-D8B64C29BDB4}.Debug|Any CPU.Build.0 = Debug|Any CPU
		{41517D86-F0F9-4858-B1B8-D8B64C29BDB4}.Debug|Mixed Platforms.ActiveCfg = Debug|Any CPU
		{41517D86-F0F9-4858-B1B8-D8B64C29BDB4}.Debug|Mixed Platforms.Build.0 = Debug|Any CPU
		{41517D86-F0F9-4858-B1B8-D8B64C29BDB4}.Debug|Win32.ActiveCfg = Debug|Any CPU
		{41517D86-F0F9-4858-B1B8-D8B64C29BDB4}.Debug|x86.ActiveCfg = Debug|Any CPU
		{41517D86-F0F9-4858-B1B8-D8B64C29BDB4}.Release|Any CPU.ActiveCfg = Release|Any CPU
		{41517D86-F0F9-4858-B1B8-D8B64C29BDB4}.Release|Any CPU.Build.0 = Release|Any CPU
		{41517D86-F0F9-4858-B1B8-D8B64C29BDB4}.Release|Mixed Platforms.ActiveCfg = Release|Any CPU
		{41517D86-F0F9-4858-B1B8-D8B64C29BDB4}.Release|Mixed Platforms.Build.0 = Release|Any CPU
		{41517D86-F0F9-4858-B1B8-D8B64C29BDB4}.Release|Win32.ActiveCfg = Release|Any CPU
		{41517D86-F0F9-4858-B1B8-D8B64C29BDB4}.Release|x86.ActiveCfg = Release|Any CPU
		{4A48290A-09F0-4976-BFA9-A7D0EA36034C}.Debug|Any CPU.ActiveCfg = Debug|Any CPU
		{4A48290A-09F0-4976-BFA9-A7D0EA36034C}.Debug|Any CPU.Build.0 = Debug|Any CPU
		{4A48290A-09F0-4976-BFA9-A7D0EA36034C}.Debug|Mixed Platforms.ActiveCfg = Debug|Any CPU
		{4A48290A-09F0-4976-BFA9-A7D0EA36034C}.Debug|Mixed Platforms.Build.0 = Debug|Any CPU
		{4A48290A-09F0-4976-BFA9-A7D0EA36034C}.Debug|Win32.ActiveCfg = Debug|Any CPU
		{4A48290A-09F0-4976-BFA9-A7D0EA36034C}.Debug|x86.ActiveCfg = Debug|Any CPU
		{4A48290A-09F0-4976-BFA9-A7D0EA36034C}.Release|Any CPU.ActiveCfg = Release|Any CPU
		{4A48290A-09F0-4976-BFA9-A7D0EA36034C}.Release|Any CPU.Build.0 = Release|Any CPU
		{4A48290A-09F0-4976-BFA9-A7D0EA36034C}.Release|Mixed Platforms.ActiveCfg = Release|Any CPU
		{4A48290A-09F0-4976-BFA9-A7D0EA36034C}.Release|Mixed Platforms.Build.0 = Release|Any CPU
		{4A48290A-09F0-4976-BFA9-A7D0EA36034C}.Release|Win32.ActiveCfg = Release|Any CPU
		{4A48290A-09F0-4976-BFA9-A7D0EA36034C}.Release|x86.ActiveCfg = Release|Any CPU
	EndGlobalSection
	GlobalSection(SolutionProperties) = preSolution
		HideSolutionNode = FALSE
	EndGlobalSection
	GlobalSection(SubversionScc) = preSolution
		Svn-Managed = True
		Manager = AnkhSVN - Subversion Support for Visual Studio
	EndGlobalSection
EndGlobal
